
Microsoft Visual Studio Solution File, Format Version 12.00
# Visual Studio Version 16
VisualStudioVersion = 16.0.30104.148
MinimumVisualStudioVersion = 10.0.40219.1
Project("{FAE04EC0-301F-11D3-BF4B-00C04F79EFBC}") = "apis", "apis\apis.csproj", "{C2492F5F-6B1B-4540-A545-E1810710E559}"
EndProject
Global
	GlobalSection(SolutionConfigurationPlatforms) = preSolution
		Debug|Any CPU = Debug|Any CPU
		Release|Any CPU = Release|Any CPU
	EndGlobalSection
	GlobalSection(ProjectConfigurationPlatforms) = postSolution
		{C2492F5F-6B1B-4540-A545-E1810710E559}.Debug|Any CPU.ActiveCfg = Debug|Any CPU
		{C2492F5F-6B1B-4540-A545-E1810710E559}.Debug|Any CPU.Build.0 = Debug|Any CPU
		{C2492F5F-6B1B-4540-A545-E1810710E559}.Release|Any CPU.ActiveCfg = Release|Any CPU
		{C2492F5F-6B1B-4540-A545-E1810710E559}.Release|Any CPU.Build.0 = Release|Any CPU
	EndGlobalSection
	GlobalSection(SolutionProperties) = preSolution
		HideSolutionNode = FALSE
	EndGlobalSection
	GlobalSection(ExtensibilityGlobals) = postSolution
		SolutionGuid = {1BDD9F48-F51E-44C0-892A-69935D8B2675}
	EndGlobalSection
EndGlobal
